
Microsoft Visual Studio Solution File, Format Version 12.00
# Visual Studio Version 17
VisualStudioVersion = 17.2.32422.2
MinimumVisualStudioVersion = 10.0.40219.1
Project("{9A19103F-16F7-4668-BE54-9A1E7A4F7556}") = "WaffleCorp.Web", "WaffleCorp.Web.csproj", "{5C9C7A29-0793-42A6-94C7-60719B0B2640}"
EndProject
Global
	GlobalSection(SolutionConfigurationPlatforms) = preSolution
		Debug|Any CPU = Debug|Any CPU
		Release|Any CPU = Release|Any CPU
	EndGlobalSection
	GlobalSection(ProjectConfigurationPlatforms) = postSolution
		{5C9C7A29-0793-42A6-94C7-60719B0B2640}.Debug|Any CPU.ActiveCfg = Debug|Any CPU
		{5C9C7A29-0793-42A6-94C7-60719B0B2640}.Debug|Any CPU.Build.0 = Debug|Any CPU
		{5C9C7A29-0793-42A6-94C7-60719B0B2640}.Release|Any CPU.ActiveCfg = Release|Any CPU
		{5C9C7A29-0793-42A6-94C7-60719B0B2640}.Release|Any CPU.Build.0 = Release|Any CPU
	EndGlobalSection
	GlobalSection(SolutionProperties) = preSolution
		HideSolutionNode = FALSE
	EndGlobalSection
	GlobalSection(ExtensibilityGlobals) = postSolution
		SolutionGuid = {BBF43E10-204B-4A47-8DBC-396D1DB090D1}
	EndGlobalSection
EndGlobal
